{
  "name": "assets",
  "lockfileVersion": 2,
  "requires": true,
  "packages": {
    "": {
      "name": "assets",
      "dependencies": {
        "trix": "^2.1.15"
      }
    },
    "node_modules/@types/trusted-types": {
      "version": "2.0.7",
      "resolved": "https://registry.npmjs.org/@types/trusted-types/-/trusted-types-2.0.7.tgz",
      "integrity": "sha512-ScaPdn1dQczgbl0QFTeTOmVHFULt394XJgOQNoyVhZ6r2vLnMLJfBPd53SB52T/3G36VI1/g2MZaX0cwDuXsfw==",
      "optional": true
    },
    "node_modules/dompurify": {
      "version": "3.3.3",
      "resolved": "https://registry.npmjs.org/dompurify/-/dompurify-3.3.3.tgz",
      "integrity": "sha512-Oj6pzI2+RqBfFG+qOaOLbFXLQ90ARpcGG6UePL82bJLtdsa6CYJD7nmiU8MW9nQNOtCHV3lZ/Bzq1X0QYbBZCA==",
      "optionalDependencies": {
        "@types/trusted-types": "^2.0.7"
      }
    },
    "node_modules/trix": {
      "version": "2.1.17",
      "resolved": "https://registry.npmjs.org/trix/-/trix-2.1.17.tgz",
      "integrity": "sha512-nkHg7VgIItGVx1CFA645dDlAoCgah+9gv80Yc+97aS8jkZmO5K4MxkSqmU9t/C8upqZB8uhfJs90epoDfYz/6Q==",
      "dependencies": {
        "dompurify": "^3.2.5"
      },
      "engines": {
        "node": ">= 18"
      }
    }
  },
  "dependencies": {
    "@types/trusted-types": {
      "version": "2.0.7",
      "resolved": "https://registry.npmjs.org/@types/trusted-types/-/trusted-types-2.0.7.tgz",
      "integrity": "sha512-ScaPdn1dQczgbl0QFTeTOmVHFULt394XJgOQNoyVhZ6r2vLnMLJfBPd53SB52T/3G36VI1/g2MZaX0cwDuXsfw==",
      "optional": true
    },
    "dompurify": {
      "version": "3.3.3",
      "resolved": "https://registry.npmjs.org/dompurify/-/dompurify-3.3.3.tgz",
      "integrity": "sha512-Oj6pzI2+RqBfFG+qOaOLbFXLQ90ARpcGG6UePL82bJLtdsa6CYJD7nmiU8MW9nQNOtCHV3lZ/Bzq1X0QYbBZCA==",
      "requires": {
        "@types/trusted-types": "^2.0.7"
      }
    },
    "trix": {
      "version": "2.1.17",
      "resolved": "https://registry.npmjs.org/trix/-/trix-2.1.17.tgz",
      "integrity": "sha512-nkHg7VgIItGVx1CFA645dDlAoCgah+9gv80Yc+97aS8jkZmO5K4MxkSqmU9t/C8upqZB8uhfJs90epoDfYz/6Q==",
      "requires": {
        "dompurify": "^3.2.5"
      }
    }
  }
}
